
Microsoft Visual Studio Solution File, Format Version 12.00
# Visual Studio Version 16
VisualStudioVersion = 16.0.33529.622
MinimumVisualStudioVersion = 10.0.40219.1
Project("{FAE04EC0-301F-11D3-BF4B-00C04F79EFBC}") = "SwimmingSchedule", "SwimmingSchedule\SwimmingSchedule.csproj", "{3F4E9781-CB0C-4EC6-AB60-79243D0CC816}"
EndProject
Global
	GlobalSection(SolutionConfigurationPlatforms) = preSolution
		Debug|Any CPU = Debug|Any CPU
		Release|Any CPU = Release|Any CPU
	EndGlobalSection
	GlobalSection(ProjectConfigurationPlatforms) = postSolution
		{3F4E9781-CB0C-4EC6-AB60-79243D0CC816}.Debug|Any CPU.ActiveCfg = Debug|Any CPU
		{3F4E9781-CB0C-4EC6-AB60-79243D0CC816}.Debug|Any CPU.Build.0 = Debug|Any CPU
		{3F4E9781-CB0C-4EC6-AB60-79243D0CC816}.Release|Any CPU.ActiveCfg = Release|Any CPU
		{3F4E9781-CB0C-4EC6-AB60-79243D0CC816}.Release|Any CPU.Build.0 = Release|Any CPU
	EndGlobalSection
	GlobalSection(SolutionProperties) = preSolution
		HideSolutionNode = FALSE
	EndGlobalSection
	GlobalSection(ExtensibilityGlobals) = postSolution
		SolutionGuid = {1B7ABC89-0874-44AF-992E-331150487DDD}
	EndGlobalSection
EndGlobal
